{
    "name": "macos-audio-addon",
    "version": "1.0.0",
    "lockfileVersion": 3,
    "requires": true,
    "packages": {
        "": {
            "name": "macos-audio-addon",
            "version": "1.0.0",
            "hasInstallScript": true,
            "license": "ISC",
            "dependencies": {
                "bindings": "^1.5.0",
                "node-addon-api": "^8.1.0",
                "speaker": "^0.5.5",
                "wav": "^1.0.2"
            }
        },
        "node_modules/bindings": {
            "version": "1.5.0",
            "resolved": "https://registry.npmjs.org/bindings/-/bindings-1.5.0.tgz",
            "integrity": "sha512-p2q/t/mhvuOj/UeLlV6566GD/guowlr0hHxClI0W9m7MWYkL1F0hLo+0Aexs9HSPCtR1SXQ0TD3MMKrXZajbiQ==",
            "license": "MIT",
            "dependencies": {
                "file-uri-to-path": "1.0.0"
            }
        },
        "node_modules/buffer-alloc": {
            "version": "1.2.0",
            "resolved": "https://registry.npmjs.org/buffer-alloc/-/buffer-alloc-1.2.0.tgz",
            "integrity": "sha512-CFsHQgjtW1UChdXgbyJGtnm+O/uLQeZdtbDo8mfUgYXCHSM1wgrVxXm6bSyrUuErEb+4sYVGCzASBRot7zyrow==",
            "license": "MIT",
            "dependencies": {
                "buffer-alloc-unsafe": "^1.1.0",
                "buffer-fill": "^1.0.0"
            }
        },
        "node_modules/buffer-alloc-unsafe": {
            "version": "1.1.0",
            "resolved": "https://registry.npmjs.org/buffer-alloc-unsafe/-/buffer-alloc-unsafe-1.1.0.tgz",
            "integrity": "sha512-TEM2iMIEQdJ2yjPJoSIsldnleVaAk1oW3DBVUykyOLsEsFmEc9kn+SFFPz+gl54KQNxlDnAwCXosOS9Okx2xAg==",
            "license": "MIT"
        },
        "node_modules/buffer-fill": {
            "version": "1.0.0",
            "resolved": "https://registry.npmjs.org/buffer-fill/-/buffer-fill-1.0.0.tgz",
            "integrity": "sha512-T7zexNBwiiaCOGDg9xNX9PBmjrubblRkENuptryuI64URkXDFum9il/JGL8Lm8wYfAXpredVXXZz7eMHilimiQ==",
            "license": "MIT"
        },
        "node_modules/buffer-from": {
            "version": "1.1.2",
            "resolved": "https://registry.npmjs.org/buffer-from/-/buffer-from-1.1.2.tgz",
            "integrity": "sha512-E+XQCRwSbaaiChtv6k6Dwgc+bx+Bs6vuKJHHl5kox/BaKbhiXzqQOwK4cO22yElGp2OCmjwVhT3HmxgyPGnJfQ==",
            "license": "MIT"
        },
        "node_modules/core-util-is": {
            "version": "1.0.3",
            "resolved": "https://registry.npmjs.org/core-util-is/-/core-util-is-1.0.3.tgz",
            "integrity": "sha512-ZQBvi1DcpJ4GDqanjucZ2Hj3wEO5pZDS89BWbkcrvdxksJorwUDDZamX9ldFkp9aw2lmBDLgkObEA4DWNJ9FYQ==",
            "license": "MIT"
        },
        "node_modules/debug": {
            "version": "2.6.9",
            "resolved": "https://registry.npmjs.org/debug/-/debug-2.6.9.tgz",
            "integrity": "sha512-bC7ElrdJaJnPbAP+1EotYvqZsb3ecl5wi6Bfi6BJTUcNowp6cvspg0jXznRTKDjm/E7AdgFBVeAPVMNcKGsHMA==",
            "license": "MIT",
            "dependencies": {
                "ms": "2.0.0"
            }
        },
        "node_modules/file-uri-to-path": {
            "version": "1.0.0",
            "resolved": "https://registry.npmjs.org/file-uri-to-path/-/file-uri-to-path-1.0.0.tgz",
            "integrity": "sha512-0Zt+s3L7Vf1biwWZ29aARiVYLx7iMGnEUl9x33fbB/j3jR81u/O2LbqK+Bm1CDSNDKVtJ/YjwY7TUd5SkeLQLw==",
            "license": "MIT"
        },
        "node_modules/inherits": {
            "version": "2.0.4",
            "resolved": "https://registry.npmjs.org/inherits/-/inherits-2.0.4.tgz",
            "integrity": "sha512-k/vGaX4/Yla3WzyMCvTQOXYeIHvqOKtnqBduzTHpzpQZzAskKMhZ2K+EnBiSM9zGSoIFeMpXKxa4dYeZIQqewQ==",
            "license": "ISC"
        },
        "node_modules/isarray": {
            "version": "0.0.1",
            "resolved": "https://registry.npmjs.org/isarray/-/isarray-0.0.1.tgz",
            "integrity": "sha512-D2S+3GLxWH+uhrNEcoh/fnmYeP8E8/zHl644d/jdA0g2uyXvy3sb0qxotE+ne0LtccHknQzWwZEzhak7oJ0COQ==",
            "license": "MIT"
        },
        "node_modules/ms": {
            "version": "2.0.0",
            "resolved": "https://registry.npmjs.org/ms/-/ms-2.0.0.tgz",
            "integrity": "sha512-Tpp60P6IUJDTuOq/5Z8cdskzJujfwqfOTkrwIwj7IRISpnkJnT6SyJ4PCPnGMoFjC9ddhal5KVIYtAt97ix05A==",
            "license": "MIT"
        },
        "node_modules/node-addon-api": {
            "version": "8.1.0",
            "resolved": "https://registry.npmjs.org/node-addon-api/-/node-addon-api-8.1.0.tgz",
            "integrity": "sha512-yBY+qqWSv3dWKGODD6OGE6GnTX7Q2r+4+DfpqxHSHh8x0B4EKP9+wVGLS6U/AM1vxSNNmUEuIV5EGhYwPpfOwQ==",
            "license": "MIT",
            "engines": {
                "node": "^18 || ^20 || >= 21"
            }
        },
        "node_modules/readable-stream": {
            "version": "1.1.14",
            "resolved": "https://registry.npmjs.org/readable-stream/-/readable-stream-1.1.14.tgz",
            "integrity": "sha512-+MeVjFf4L44XUkhM1eYbD8fyEsxcV81pqMSR5gblfcLCHfZvbrqy4/qYHE+/R5HoBUT11WV5O08Cr1n3YXkWVQ==",
            "license": "MIT",
            "dependencies": {
                "core-util-is": "~1.0.0",
                "inherits": "~2.0.1",
                "isarray": "0.0.1",
                "string_decoder": "~0.10.x"
            }
        },
        "node_modules/speaker": {
            "version": "0.5.5",
            "resolved": "https://registry.npmjs.org/speaker/-/speaker-0.5.5.tgz",
            "integrity": "sha512-IBeMZUITigYBO139h0+1MAgBHNZF55GFJN4U/Box35Sg49cfqYkbCO92TXoCUy22Ast08zfqKuXLvPxq9CWwLw==",
            "hasInstallScript": true,
            "license": "(MIT AND LGPL-2.1-only)",
            "dependencies": {
                "bindings": "^1.3.0",
                "buffer-alloc": "^1.1.0",
                "debug": "^4.0.0"
            },
            "engines": {
                "node": ">=8.6"
            }
        },
        "node_modules/speaker/node_modules/debug": {
            "version": "4.3.7",
            "resolved": "https://registry.npmjs.org/debug/-/debug-4.3.7.tgz",
            "integrity": "sha512-Er2nc/H7RrMXZBFCEim6TCmMk02Z8vLC2Rbi1KEBggpo0fS6l0S1nnapwmIi3yW/+GOJap1Krg4w0Hg80oCqgQ==",
            "license": "MIT",
            "dependencies": {
                "ms": "^2.1.3"
            },
            "engines": {
                "node": ">=6.0"
            },
            "peerDependenciesMeta": {
                "supports-color": {
                    "optional": true
                }
            }
        },
        "node_modules/speaker/node_modules/ms": {
            "version": "2.1.3",
            "resolved": "https://registry.npmjs.org/ms/-/ms-2.1.3.tgz",
            "integrity": "sha512-6FlzubTLZG3J2a/NVCAleEhjzq5oxgHyaCU9yYXvcLsvoVaHJq/s5xXI6/XXP6tz7R9xAOtHnSO/tXtF3WRTlA==",
            "license": "MIT"
        },
        "node_modules/stream-parser": {
            "version": "0.3.1",
            "resolved": "https://registry.npmjs.org/stream-parser/-/stream-parser-0.3.1.tgz",
            "integrity": "sha512-bJ/HgKq41nlKvlhccD5kaCr/P+Hu0wPNKPJOH7en+YrJu/9EgqUF+88w5Jb6KNcjOFMhfX4B2asfeAtIGuHObQ==",
            "license": "MIT",
            "dependencies": {
                "debug": "2"
            }
        },
        "node_modules/string_decoder": {
            "version": "0.10.31",
            "resolved": "https://registry.npmjs.org/string_decoder/-/string_decoder-0.10.31.tgz",
            "integrity": "sha512-ev2QzSzWPYmy9GuqfIVildA4OdcGLeFZQrq5ys6RtiuF+RQQiZWr8TZNyAcuVXyQRYfEO+MsoB/1BuQVhOJuoQ==",
            "license": "MIT"
        },
        "node_modules/wav": {
            "version": "1.0.2",
            "resolved": "https://registry.npmjs.org/wav/-/wav-1.0.2.tgz",
            "integrity": "sha512-viHtz3cDd/Tcr/HbNqzQCofKdF6kWUymH9LGDdskfWFoIy/HJ+RTihgjEcHfnsy1PO4e9B+y4HwgTwMrByquhg==",
            "license": "MIT",
            "dependencies": {
                "buffer-alloc": "^1.1.0",
                "buffer-from": "^1.0.0",
                "debug": "^2.2.0",
                "readable-stream": "^1.1.14",
                "stream-parser": "^0.3.1"
            }
        }
    }
}
